
Microsoft Visual Studio Solution File, Format Version 12.00
# Visual Studio 15
VisualStudioVersion = 15.0.28307.271
MinimumVisualStudioVersion = 10.0.40219.1
Project("{9A19103F-16F7-4668-BE54-9A1E7A4F7556}") = "Plumsail", "Plumsail\Plumsail.csproj", "{D4FA9296-44A6-4700-A593-A750EEA6C7C3}"
EndProject
Project("{9A19103F-16F7-4668-BE54-9A1E7A4F7556}") = "DataAcessLayer", "DataAcessLayer\DataAcessLayer.csproj", "{3855FAF6-D1D1-42CD-86A0-25FBF12211BA}"
EndProject
Global
	GlobalSection(SolutionConfigurationPlatforms) = preSolution
		Debug|Any CPU = Debug|Any CPU
		Release|Any CPU = Release|Any CPU
	EndGlobalSection
	GlobalSection(ProjectConfigurationPlatforms) = postSolution
		{D4FA9296-44A6-4700-A593-A750EEA6C7C3}.Debug|Any CPU.ActiveCfg = Debug|Any CPU
		{D4FA9296-44A6-4700-A593-A750EEA6C7C3}.Debug|Any CPU.Build.0 = Debug|Any CPU
		{D4FA9296-44A6-4700-A593-A750EEA6C7C3}.Release|Any CPU.ActiveCfg = Release|Any CPU
		{D4FA9296-44A6-4700-A593-A750EEA6C7C3}.Release|Any CPU.Build.0 = Release|Any CPU
		{3855FAF6-D1D1-42CD-86A0-25FBF12211BA}.Debug|Any CPU.ActiveCfg = Debug|Any CPU
		{3855FAF6-D1D1-42CD-86A0-25FBF12211BA}.Debug|Any CPU.Build.0 = Debug|Any CPU
		{3855FAF6-D1D1-42CD-86A0-25FBF12211BA}.Release|Any CPU.ActiveCfg = Release|Any CPU
		{3855FAF6-D1D1-42CD-86A0-25FBF12211BA}.Release|Any CPU.Build.0 = Release|Any CPU
	EndGlobalSection
	GlobalSection(SolutionProperties) = preSolution
		HideSolutionNode = FALSE
	EndGlobalSection
	GlobalSection(ExtensibilityGlobals) = postSolution
		SolutionGuid = {DA80DB99-A59D-46C5-9A3D-230D0471D14A}
	EndGlobalSection
EndGlobal
